
Microsoft Visual Studio Solution File, Format Version 12.00
# Visual Studio Version 17
VisualStudioVersion = 17.1.32414.318
MinimumVisualStudioVersion = 10.0.40219.1
Project("{FAE04EC0-301F-11D3-BF4B-00C04F79EFBC}") = "Travels_CodeFirst", "asp.net-assignment-2-master\Travels_CodeFirst.csproj", "{073F1557-0E9A-4FF4-96CF-8078C963FDCE}"
EndProject
Global
	GlobalSection(SolutionConfigurationPlatforms) = preSolution
		Debug|Any CPU = Debug|Any CPU
		Release|Any CPU = Release|Any CPU
	EndGlobalSection
	GlobalSection(ProjectConfigurationPlatforms) = postSolution
		{073F1557-0E9A-4FF4-96CF-8078C963FDCE}.Debug|Any CPU.ActiveCfg = Debug|Any CPU
		{073F1557-0E9A-4FF4-96CF-8078C963FDCE}.Debug|Any CPU.Build.0 = Debug|Any CPU
		{073F1557-0E9A-4FF4-96CF-8078C963FDCE}.Release|Any CPU.ActiveCfg = Release|Any CPU
		{073F1557-0E9A-4FF4-96CF-8078C963FDCE}.Release|Any CPU.Build.0 = Release|Any CPU
	EndGlobalSection
	GlobalSection(SolutionProperties) = preSolution
		HideSolutionNode = FALSE
	EndGlobalSection
	GlobalSection(ExtensibilityGlobals) = postSolution
		SolutionGuid = {0480CC2B-98D6-4C71-8DDA-D4364A80FFE7}
	EndGlobalSection
EndGlobal
